// !$*UTF8*$!
{
	archiveVersion = 1;
	classes = {
	};
	objectVersion = 77;
	objects = {

/* Begin PBXBuildFile section */
		0436BD7F2DBCA00F0022B317 /* MainTabBarVC.swift in Sources */ = {isa = PBXBuildFile; fileRef = 0436BD7E2DBCA00A0022B317 /* MainTabBarVC.swift */; };
		0436BD832DBCA7DC0022B317 /* FeedVC.swift in Sources */ = {isa = PBXBuildFile; fileRef = 0436BD822DBCA7DB0022B317 /* FeedVC.swift */; };
		0436BD852DBCA9B20022B317 /* FeedCell.swift in Sources */ = {isa = PBXBuildFile; fileRef = 0436BD842DBCA9AA0022B317 /* FeedCell.swift */; };
		0436BD872DBCB1630022B317 /* CustomPlayerVC.swift in Sources */ = {isa = PBXBuildFile; fileRef = 0436BD862DBCB1610022B317 /* CustomPlayerVC.swift */; };
		0436BD8A2DBCB24C0022B317 /* FavoriteManager.swift in Sources */ = {isa = PBXBuildFile; fileRef = 0436BD892DBCB2460022B317 /* FavoriteManager.swift */; };
		0436BD8E2DBCB2830022B317 /* MediaItem.swift in Sources */ = {isa = PBXBuildFile; fileRef = 0436BD8D2DBCB2820022B317 /* MediaItem.swift */; };
		0436BD912DBCCD470022B317 /* BaseVC.swift in Sources */ = {isa = PBXBuildFile; fileRef = 0436BD902DBCCD390022B317 /* BaseVC.swift */; };
		0436BD932DBCCED30022B317 /* AlbumManager.swift in Sources */ = {isa = PBXBuildFile; fileRef = 0436BD922DBCCEBF0022B317 /* AlbumManager.swift */; };
		04B514ED2DD5959200C62196 /* FeedNewZaloVC.swift in Sources */ = {isa = PBXBuildFile; fileRef = 04B514EC2DD5959000C62196 /* FeedNewZaloVC.swift */; };
		04B514EF2DD5996A00C62196 /* HeaderReseachView.swift in Sources */ = {isa = PBXBuildFile; fileRef = 04B514EE2DD5994000C62196 /* HeaderReseachView.swift */; };
		04B514F12DD5A2AB00C62196 /* UserPostActionCell.swift in Sources */ = {isa = PBXBuildFile; fileRef = 04B514F02DD5A2A600C62196 /* UserPostActionCell.swift */; };
		04B514F32DD5D96D00C62196 /* SnapshotCell.swift in Sources */ = {isa = PBXBuildFile; fileRef = 04B514F22DD5D96A00C62196 /* SnapshotCell.swift */; };
		04B514F62DD5DDD000C62196 /* SnapshotItemView.swift in Sources */ = {isa = PBXBuildFile; fileRef = 04B514F52DD5DDCE00C62196 /* SnapshotItemView.swift */; };
		04BE06EC2DBB9C4B00DEAD96 /* ImageCell.swift in Sources */ = {isa = PBXBuildFile; fileRef = 04BE06EB2DBB9C4700DEAD96 /* ImageCell.swift */; };
		04BE06F02DBBB0EA00DEAD96 /* ImageDetailVC.swift in Sources */ = {isa = PBXBuildFile; fileRef = 04BE06EF2DBBB0E700DEAD96 /* ImageDetailVC.swift */; };
		04CBCF722DBA326F00A86402 /* Assets.xcassets in Resources */ = {isa = PBXBuildFile; fileRef = 04CBCF6C2DBA326F00A86402 /* Assets.xcassets */; };
		04CBCF742DBA326F00A86402 /* LaunchScreen.storyboard in Resources */ = {isa = PBXBuildFile; fileRef = 04CBCF6F2DBA326F00A86402 /* LaunchScreen.storyboard */; };
		04CBCF752DBA326F00A86402 /* AppDelegate.swift in Sources */ = {isa = PBXBuildFile; fileRef = 04CBCF6B2DBA326F00A86402 /* AppDelegate.swift */; };
		04CBCF762DBA326F00A86402 /* HomeVC.swift in Sources */ = {isa = PBXBuildFile; fileRef = 04CBCF702DBA326F00A86402 /* HomeVC.swift */; };
/* End PBXBuildFile section */

/* Begin PBXFileReference section */
		0436BD7E2DBCA00A0022B317 /* MainTabBarVC.swift */ = {isa = PBXFileReference; lastKnownFileType = sourcecode.swift; path = MainTabBarVC.swift; sourceTree = "<group>"; };
		0436BD822DBCA7DB0022B317 /* FeedVC.swift */ = {isa = PBXFileReference; lastKnownFileType = sourcecode.swift; path = FeedVC.swift; sourceTree = "<group>"; };
		0436BD842DBCA9AA0022B317 /* FeedCell.swift */ = {isa = PBXFileReference; lastKnownFileType = sourcecode.swift; path = FeedCell.swift; sourceTree = "<group>"; };
		0436BD862DBCB1610022B317 /* CustomPlayerVC.swift */ = {isa = PBXFileReference; lastKnownFileType = sourcecode.swift; path = CustomPlayerVC.swift; sourceTree = "<group>"; };
		0436BD892DBCB2460022B317 /* FavoriteManager.swift */ = {isa = PBXFileReference; lastKnownFileType = sourcecode.swift; path = FavoriteManager.swift; sourceTree = "<group>"; };
		0436BD8D2DBCB2820022B317 /* MediaItem.swift */ = {isa = PBXFileReference; lastKnownFileType = sourcecode.swift; path = MediaItem.swift; sourceTree = "<group>"; };
		0436BD902DBCCD390022B317 /* BaseVC.swift */ = {isa = PBXFileReference; lastKnownFileType = sourcecode.swift; path = BaseVC.swift; sourceTree = "<group>"; };
		0436BD922DBCCEBF0022B317 /* AlbumManager.swift */ = {isa = PBXFileReference; lastKnownFileType = sourcecode.swift; path = AlbumManager.swift; sourceTree = "<group>"; };
		04B514EC2DD5959000C62196 /* FeedNewZaloVC.swift */ = {isa = PBXFileReference; lastKnownFileType = sourcecode.swift; path = FeedNewZaloVC.swift; sourceTree = "<group>"; };
		04B514EE2DD5994000C62196 /* HeaderReseachView.swift */ = {isa = PBXFileReference; lastKnownFileType = sourcecode.swift; path = HeaderReseachView.swift; sourceTree = "<group>"; };
		04B514F02DD5A2A600C62196 /* UserPostActionCell.swift */ = {isa = PBXFileReference; lastKnownFileType = sourcecode.swift; path = UserPostActionCell.swift; sourceTree = "<group>"; };
		04B514F22DD5D96A00C62196 /* SnapshotCell.swift */ = {isa = PBXFileReference; lastKnownFileType = sourcecode.swift; path = SnapshotCell.swift; sourceTree = "<group>"; };
		04B514F52DD5DDCE00C62196 /* SnapshotItemView.swift */ = {isa = PBXFileReference; lastKnownFileType = sourcecode.swift; path = SnapshotItemView.swift; sourceTree = "<group>"; };
		04BE06EB2DBB9C4700DEAD96 /* ImageCell.swift */ = {isa = PBXFileReference; lastKnownFileType = sourcecode.swift; path = ImageCell.swift; sourceTree = "<group>"; };
		04BE06EF2DBBB0E700DEAD96 /* ImageDetailVC.swift */ = {isa = PBXFileReference; lastKnownFileType = sourcecode.swift; path = ImageDetailVC.swift; sourceTree = "<group>"; };
		04CBCF532DB9F6BD00A86402 /* DemoTanDat.app */ = {isa = PBXFileReference; explicitFileType = wrapper.application; includeInIndex = 0; path = DemoTanDat.app; sourceTree = BUILT_PRODUCTS_DIR; };
		04CBCF6B2DBA326F00A86402 /* AppDelegate.swift */ = {isa = PBXFileReference; lastKnownFileType = sourcecode.swift; path = AppDelegate.swift; sourceTree = "<group>"; };
		04CBCF6C2DBA326F00A86402 /* Assets.xcassets */ = {isa = PBXFileReference; lastKnownFileType = folder.assetcatalog; path = Assets.xcassets; sourceTree = "<group>"; };
		04CBCF6D2DBA326F00A86402 /* Info.plist */ = {isa = PBXFileReference; lastKnownFileType = text.plist.xml; path = Info.plist; sourceTree = "<group>"; };
		04CBCF6E2DBA326F00A86402 /* Base */ = {isa = PBXFileReference; lastKnownFileType = file.storyboard; name = Base; path = Base.lproj/LaunchScreen.storyboard; sourceTree = "<group>"; };
		04CBCF702DBA326F00A86402 /* HomeVC.swift */ = {isa = PBXFileReference; lastKnownFileType = sourcecode.swift; path = HomeVC.swift; sourceTree = "<group>"; };
/* End PBXFileReference section */

/* Begin PBXFrameworksBuildPhase section */
		04CBCF502DB9F6BD00A86402 /* Frameworks */ = {
			isa = PBXFrameworksBuildPhase;
			buildActionMask = 2147483647;
			files = (
			);
			runOnlyForDeploymentPostprocessing = 0;
		};
/* End PBXFrameworksBuildPhase section */

/* Begin PBXGroup section */
		0436BD882DBCB23A0022B317 /* Manager */ = {
			isa = PBXGroup;
			children = (
				0436BD922DBCCEBF0022B317 /* AlbumManager.swift */,
				0436BD892DBCB2460022B317 /* FavoriteManager.swift */,
			);
			path = Manager;
			sourceTree = "<group>";
		};
		0436BD8B2DBCB2730022B317 /* Model */ = {
			isa = PBXGroup;
			children = (
				0436BD8D2DBCB2820022B317 /* MediaItem.swift */,
			);
			path = Model;
			sourceTree = "<group>";
		};
		0436BD8F2DBCCD320022B317 /* Base */ = {
			isa = PBXGroup;
			children = (
				0436BD902DBCCD390022B317 /* BaseVC.swift */,
			);
			path = Base;
			sourceTree = "<group>";
		};
		04B514E82DD5953500C62196 /* FeedNewZalo */ = {
			isa = PBXGroup;
			children = (
				04B514EA2DD5956C00C62196 /* View */,
				04B514E92DD5955600C62196 /* Manager */,
			);
			path = FeedNewZalo;
			sourceTree = "<group>";
		};
		04B514E92DD5955600C62196 /* Manager */ = {
			isa = PBXGroup;
			children = (
				04B514EC2DD5959000C62196 /* FeedNewZaloVC.swift */,
			);
			path = Manager;
			sourceTree = "<group>";
		};
		04B514EA2DD5956C00C62196 /* View */ = {
			isa = PBXGroup;
			children = (
				04B514F52DD5DDCE00C62196 /* SnapshotItemView.swift */,
				04B514F22DD5D96A00C62196 /* SnapshotCell.swift */,
				04B514F02DD5A2A600C62196 /* UserPostActionCell.swift */,
				04B514EE2DD5994000C62196 /* HeaderReseachView.swift */,
			);
			path = View;
			sourceTree = "<group>";
		};
		04BE06ED2DBBAE8700DEAD96 /* View */ = {
			isa = PBXGroup;
			children = (
				0436BD862DBCB1610022B317 /* CustomPlayerVC.swift */,
				0436BD842DBCA9AA0022B317 /* FeedCell.swift */,
				04BE06EB2DBB9C4700DEAD96 /* ImageCell.swift */,
			);
			path = View;
			sourceTree = "<group>";
		};
		04BE06EE2DBBAE9A00DEAD96 /* Main */ = {
			isa = PBXGroup;
			children = (
				0436BD822DBCA7DB0022B317 /* FeedVC.swift */,
				04BE06EF2DBBB0E700DEAD96 /* ImageDetailVC.swift */,
				04CBCF702DBA326F00A86402 /* HomeVC.swift */,
			);
			path = Main;
			sourceTree = "<group>";
		};
		04CBCF4A2DB9F6BD00A86402 = {
			isa = PBXGroup;
			children = (
				04CBCF712DBA326F00A86402 /* DemoTanDat */,
				04CBCF542DB9F6BD00A86402 /* Products */,
			);
			sourceTree = "<group>";
		};
		04CBCF542DB9F6BD00A86402 /* Products */ = {
			isa = PBXGroup;
			children = (
				04CBCF532DB9F6BD00A86402 /* DemoTanDat.app */,
			);
			name = Products;
			sourceTree = "<group>";
		};
		04CBCF712DBA326F00A86402 /* DemoTanDat */ = {
			isa = PBXGroup;
			children = (
				04CBCF772DBA327200A86402 /* Module */,
				04CBCF6B2DBA326F00A86402 /* AppDelegate.swift */,
				04CBCF6C2DBA326F00A86402 /* Assets.xcassets */,
				04CBCF6D2DBA326F00A86402 /* Info.plist */,
				04CBCF6F2DBA326F00A86402 /* LaunchScreen.storyboard */,
			);
			path = DemoTanDat;
			sourceTree = "<group>";
		};
		04CBCF772DBA327200A86402 /* Module */ = {
			isa = PBXGroup;
			children = (
				04B514E82DD5953500C62196 /* FeedNewZalo */,
				0436BD8F2DBCCD320022B317 /* Base */,
				04CBCF792DBA32E100A86402 /* Tabbar */,
				04CBCF782DBA329300A86402 /* Home */,
			);
			path = Module;
			sourceTree = "<group>";
		};
		04CBCF782DBA329300A86402 /* Home */ = {
			isa = PBXGroup;
			children = (
				0436BD8B2DBCB2730022B317 /* Model */,
				0436BD882DBCB23A0022B317 /* Manager */,
				04BE06EE2DBBAE9A00DEAD96 /* Main */,
				04BE06ED2DBBAE8700DEAD96 /* View */,
			);
			path = Home;
			sourceTree = "<group>";
		};
		04CBCF792DBA32E100A86402 /* Tabbar */ = {
			isa = PBXGroup;
			children = (
				0436BD7E2DBCA00A0022B317 /* MainTabBarVC.swift */,
			);
			path = Tabbar;
			sourceTree = "<group>";
		};
/* End PBXGroup section */

/* Begin PBXNativeTarget section */
		04CBCF522DB9F6BD00A86402 /* DemoTanDat */ = {
			isa = PBXNativeTarget;
			buildConfigurationList = 04CBCF662DB9F6BE00A86402 /* Build configuration list for PBXNativeTarget "DemoTanDat" */;
			buildPhases = (
				04CBCF4F2DB9F6BD00A86402 /* Sources */,
				04CBCF502DB9F6BD00A86402 /* Frameworks */,
				04CBCF512DB9F6BD00A86402 /* Resources */,
			);
			buildRules = (
			);
			dependencies = (
			);
			name = DemoTanDat;
			packageProductDependencies = (
			);
			productName = DemoTanDat;
			productReference = 04CBCF532DB9F6BD00A86402 /* DemoTanDat.app */;
			productType = "com.apple.product-type.application";
		};
/* End PBXNativeTarget section */

/* Begin PBXProject section */
		04CBCF4B2DB9F6BD00A86402 /* Project object */ = {
			isa = PBXProject;
			attributes = {
				BuildIndependentTargetsInParallel = 1;
				LastSwiftUpdateCheck = 1630;
				LastUpgradeCheck = 1630;
				TargetAttributes = {
					04CBCF522DB9F6BD00A86402 = {
						CreatedOnToolsVersion = 16.3;
					};
				};
			};
			buildConfigurationList = 04CBCF4E2DB9F6BD00A86402 /* Build configuration list for PBXProject "DemoTanDat" */;
			developmentRegion = en;
			hasScannedForEncodings = 0;
			knownRegions = (
				en,
				Base,
			);
			mainGroup = 04CBCF4A2DB9F6BD00A86402;
			minimizedProjectReferenceProxies = 1;
			preferredProjectObjectVersion = 77;
			productRefGroup = 04CBCF542DB9F6BD00A86402 /* Products */;
			projectDirPath = "";
			projectRoot = "";
			targets = (
				04CBCF522DB9F6BD00A86402 /* DemoTanDat */,
			);
		};
/* End PBXProject section */

/* Begin PBXResourcesBuildPhase section */
		04CBCF512DB9F6BD00A86402 /* Resources */ = {
			isa = PBXResourcesBuildPhase;
			buildActionMask = 2147483647;
			files = (
				04CBCF722DBA326F00A86402 /* Assets.xcassets in Resources */,
				04CBCF742DBA326F00A86402 /* LaunchScreen.storyboard in Resources */,
			);
			runOnlyForDeploymentPostprocessing = 0;
		};
/* End PBXResourcesBuildPhase section */

/* Begin PBXSourcesBuildPhase section */
		04CBCF4F2DB9F6BD00A86402 /* Sources */ = {
			isa = PBXSourcesBuildPhase;
			buildActionMask = 2147483647;
			files = (
				0436BD872DBCB1630022B317 /* CustomPlayerVC.swift in Sources */,
				0436BD932DBCCED30022B317 /* AlbumManager.swift in Sources */,
				04B514ED2DD5959200C62196 /* FeedNewZaloVC.swift in Sources */,
				04B514F12DD5A2AB00C62196 /* UserPostActionCell.swift in Sources */,
				04CBCF752DBA326F00A86402 /* AppDelegate.swift in Sources */,
				0436BD832DBCA7DC0022B317 /* FeedVC.swift in Sources */,
				0436BD7F2DBCA00F0022B317 /* MainTabBarVC.swift in Sources */,
				0436BD8A2DBCB24C0022B317 /* FavoriteManager.swift in Sources */,
				04BE06F02DBBB0EA00DEAD96 /* ImageDetailVC.swift in Sources */,
				0436BD912DBCCD470022B317 /* BaseVC.swift in Sources */,
				0436BD852DBCA9B20022B317 /* FeedCell.swift in Sources */,
				04CBCF762DBA326F00A86402 /* HomeVC.swift in Sources */,
				04B514EF2DD5996A00C62196 /* HeaderReseachView.swift in Sources */,
				04B514F32DD5D96D00C62196 /* SnapshotCell.swift in Sources */,
				04BE06EC2DBB9C4B00DEAD96 /* ImageCell.swift in Sources */,
				0436BD8E2DBCB2830022B317 /* MediaItem.swift in Sources */,
				04B514F62DD5DDD000C62196 /* SnapshotItemView.swift in Sources */,
			);
			runOnlyForDeploymentPostprocessing = 0;
		};
/* End PBXSourcesBuildPhase section */

/* Begin PBXVariantGroup section */
		04CBCF6F2DBA326F00A86402 /* LaunchScreen.storyboard */ = {
			isa = PBXVariantGroup;
			children = (
				04CBCF6E2DBA326F00A86402 /* Base */,
			);
			name = LaunchScreen.storyboard;
			sourceTree = "<group>";
		};
/* End PBXVariantGroup section */

/* Begin XCBuildConfiguration section */
		04CBCF672DB9F6BE00A86402 /* Debug */ = {
			isa = XCBuildConfiguration;
			buildSettings = {
				ASSETCATALOG_COMPILER_APPICON_NAME = AppIcon;
				ASSETCATALOG_COMPILER_GLOBAL_ACCENT_COLOR_NAME = AccentColor;
				CODE_SIGN_STYLE = Automatic;
				CURRENT_PROJECT_VERSION = 1;
				DEVELOPMENT_TEAM = QP56K68M4M;
				GENERATE_INFOPLIST_FILE = YES;
				INFOPLIST_FILE = DemoTanDat/Info.plist;
				INFOPLIST_KEY_UIApplicationSupportsIndirectInputEvents = YES;
				INFOPLIST_KEY_UILaunchStoryboardName = LaunchScreen;
				INFOPLIST_KEY_UISupportedInterfaceOrientations_iPad = "UIInterfaceOrientationPortrait UIInterfaceOrientationPortraitUpsideDown UIInterfaceOrientationLandscapeLeft UIInterfaceOrientationLandscapeRight";
				INFOPLIST_KEY_UISupportedInterfaceOrientations_iPhone = "UIInterfaceOrientationPortrait UIInterfaceOrientationLandscapeLeft UIInterfaceOrientationLandscapeRight";
				IPHONEOS_DEPLOYMENT_TARGET = 14;
				LD_RUNPATH_SEARCH_PATHS = (
					"$(inherited)",
					"@executable_path/Frameworks",
				);
				MARKETING_VERSION = 1.0;
				PRODUCT_BUNDLE_IDENTIFIER = demo.DemoTanDat;
				PRODUCT_NAME = "$(TARGET_NAME)";
				SUPPORTED_PLATFORMS = "iphoneos iphonesimulator";
				SUPPORTS_MACCATALYST = NO;
				SUPPORTS_MAC_DESIGNED_FOR_IPHONE_IPAD = NO;
				SUPPORTS_XR_DESIGNED_FOR_IPHONE_IPAD = NO;
				SWIFT_EMIT_LOC_STRINGS = YES;
				SWIFT_VERSION = 5.0;
				TARGETED_DEVICE_FAMILY = 1;
			};
			name = Debug;
		};
		04CBCF682DB9F6BE00A86402 /* Release */ = {
			isa = XCBuildConfiguration;
			buildSettings = {
				ASSETCATALOG_COMPILER_APPICON_NAME = AppIcon;
				ASSETCATALOG_COMPILER_GLOBAL_ACCENT_COLOR_NAME = AccentColor;
				CODE_SIGN_STYLE = Automatic;
				CURRENT_PROJECT_VERSION = 1;
				DEVELOPMENT_TEAM = QP56K68M4M;
				GENERATE_INFOPLIST_FILE = YES;
				INFOPLIST_FILE = DemoTanDat/Info.plist;
				INFOPLIST_KEY_UIApplicationSupportsIndirectInputEvents = YES;
				INFOPLIST_KEY_UILaunchStoryboardName = LaunchScreen;
				INFOPLIST_KEY_UISupportedInterfaceOrientations_iPad = "UIInterfaceOrientationPortrait UIInterfaceOrientationPortraitUpsideDown UIInterfaceOrientationLandscapeLeft UIInterfaceOrientationLandscapeRight";
				INFOPLIST_KEY_UISupportedInterfaceOrientations_iPhone = "UIInterfaceOrientationPortrait UIInterfaceOrientationLandscapeLeft UIInterfaceOrientationLandscapeRight";
				IPHONEOS_DEPLOYMENT_TARGET = 14;
				LD_RUNPATH_SEARCH_PATHS = (
					"$(inherited)",
					"@executable_path/Frameworks",
				);
				MARKETING_VERSION = 1.0;
				PRODUCT_BUNDLE_IDENTIFIER = demo.DemoTanDat;
				PRODUCT_NAME = "$(TARGET_NAME)";
				SUPPORTED_PLATFORMS = "iphoneos iphonesimulator";
				SUPPORTS_MACCATALYST = NO;
				SUPPORTS_MAC_DESIGNED_FOR_IPHONE_IPAD = NO;
				SUPPORTS_XR_DESIGNED_FOR_IPHONE_IPAD = NO;
				SWIFT_EMIT_LOC_STRINGS = YES;
				SWIFT_VERSION = 5.0;
				TARGETED_DEVICE_FAMILY = 1;
			};
			name = Release;
		};
		04CBCF692DB9F6BE00A86402 /* Debug */ = {
			isa = XCBuildConfiguration;
			buildSettings = {
				ALWAYS_SEARCH_USER_PATHS = NO;
				ASSETCATALOG_COMPILER_GENERATE_SWIFT_ASSET_SYMBOL_EXTENSIONS = YES;
				CLANG_ANALYZER_NONNULL = YES;
				CLANG_ANALYZER_NUMBER_OBJECT_CONVERSION = YES_AGGRESSIVE;
				CLANG_CXX_LANGUAGE_STANDARD = "gnu++20";
				CLANG_ENABLE_MODULES = YES;
				CLANG_ENABLE_OBJC_ARC = YES;
				CLANG_ENABLE_OBJC_WEAK = YES;
				CLANG_WARN_BLOCK_CAPTURE_AUTORELEASING = YES;
				CLANG_WARN_BOOL_CONVERSION = YES;
				CLANG_WARN_COMMA = YES;
				CLANG_WARN_CONSTANT_CONVERSION = YES;
				CLANG_WARN_DEPRECATED_OBJC_IMPLEMENTATIONS = YES;
				CLANG_WARN_DIRECT_OBJC_ISA_USAGE = YES_ERROR;
				CLANG_WARN_DOCUMENTATION_COMMENTS = YES;
				CLANG_WARN_EMPTY_BODY = YES;
				CLANG_WARN_ENUM_CONVERSION = YES;
				CLANG_WARN_INFINITE_RECURSION = YES;
				CLANG_WARN_INT_CONVERSION = YES;
				CLANG_WARN_NON_LITERAL_NULL_CONVERSION = YES;
				CLANG_WARN_OBJC_IMPLICIT_RETAIN_SELF = YES;
				CLANG_WARN_OBJC_LITERAL_CONVERSION = YES;
				CLANG_WARN_OBJC_ROOT_CLASS = YES_ERROR;
				CLANG_WARN_QUOTED_INCLUDE_IN_FRAMEWORK_HEADER = YES;
				CLANG_WARN_RANGE_LOOP_ANALYSIS = YES;
				CLANG_WARN_STRICT_PROTOTYPES = YES;
				CLANG_WARN_SUSPICIOUS_MOVE = YES;
				CLANG_WARN_UNGUARDED_AVAILABILITY = YES_AGGRESSIVE;
				CLANG_WARN_UNREACHABLE_CODE = YES;
				CLANG_WARN__DUPLICATE_METHOD_MATCH = YES;
				COPY_PHASE_STRIP = NO;
				DEBUG_INFORMATION_FORMAT = dwarf;
				ENABLE_STRICT_OBJC_MSGSEND = YES;
				ENABLE_TESTABILITY = YES;
				ENABLE_USER_SCRIPT_SANDBOXING = YES;
				GCC_C_LANGUAGE_STANDARD = gnu17;
				GCC_DYNAMIC_NO_PIC = NO;
				GCC_NO_COMMON_BLOCKS = YES;
				GCC_OPTIMIZATION_LEVEL = 0;
				GCC_PREPROCESSOR_DEFINITIONS = (
					"DEBUG=1",
					"$(inherited)",
				);
				GCC_WARN_64_TO_32_BIT_CONVERSION = YES;
				GCC_WARN_ABOUT_RETURN_TYPE = YES_ERROR;
				GCC_WARN_UNDECLARED_SELECTOR = YES;
				GCC_WARN_UNINITIALIZED_AUTOS = YES_AGGRESSIVE;
				GCC_WARN_UNUSED_FUNCTION = YES;
				GCC_WARN_UNUSED_VARIABLE = YES;
				IPHONEOS_DEPLOYMENT_TARGET = 18.4;
				LOCALIZATION_PREFERS_STRING_CATALOGS = YES;
				MTL_ENABLE_DEBUG_INFO = INCLUDE_SOURCE;
				MTL_FAST_MATH = YES;
				ONLY_ACTIVE_ARCH = YES;
				SDKROOT = iphoneos;
				SWIFT_ACTIVE_COMPILATION_CONDITIONS = "DEBUG $(inherited)";
				SWIFT_OPTIMIZATION_LEVEL = "-Onone";
			};
			name = Debug;
		};
		04CBCF6A2DB9F6BE00A86402 /* Release */ = {
			isa = XCBuildConfiguration;
			buildSettings = {
				ALWAYS_SEARCH_USER_PATHS = NO;
				ASSETCATALOG_COMPILER_GENERATE_SWIFT_ASSET_SYMBOL_EXTENSIONS = YES;
				CLANG_ANALYZER_NONNULL = YES;
				CLANG_ANALYZER_NUMBER_OBJECT_CONVERSION = YES_AGGRESSIVE;
				CLANG_CXX_LANGUAGE_STANDARD = "gnu++20";
				CLANG_ENABLE_MODULES = YES;
				CLANG_ENABLE_OBJC_ARC = YES;
				CLANG_ENABLE_OBJC_WEAK = YES;
				CLANG_WARN_BLOCK_CAPTURE_AUTORELEASING = YES;
				CLANG_WARN_BOOL_CONVERSION = YES;
				CLANG_WARN_COMMA = YES;
				CLANG_WARN_CONSTANT_CONVERSION = YES;
				CLANG_WARN_DEPRECATED_OBJC_IMPLEMENTATIONS = YES;
				CLANG_WARN_DIRECT_OBJC_ISA_USAGE = YES_ERROR;
				CLANG_WARN_DOCUMENTATION_COMMENTS = YES;
				CLANG_WARN_EMPTY_BODY = YES;
				CLANG_WARN_ENUM_CONVERSION = YES;
				CLANG_WARN_INFINITE_RECURSION = YES;
				CLANG_WARN_INT_CONVERSION = YES;
				CLANG_WARN_NON_LITERAL_NULL_CONVERSION = YES;
				CLANG_WARN_OBJC_IMPLICIT_RETAIN_SELF = YES;
				CLANG_WARN_OBJC_LITERAL_CONVERSION = YES;
				CLANG_WARN_OBJC_ROOT_CLASS = YES_ERROR;
				CLANG_WARN_QUOTED_INCLUDE_IN_FRAMEWORK_HEADER = YES;
				CLANG_WARN_RANGE_LOOP_ANALYSIS = YES;
				CLANG_WARN_STRICT_PROTOTYPES = YES;
				CLANG_WARN_SUSPICIOUS_MOVE = YES;
				CLANG_WARN_UNGUARDED_AVAILABILITY = YES_AGGRESSIVE;
				CLANG_WARN_UNREACHABLE_CODE = YES;
				CLANG_WARN__DUPLICATE_METHOD_MATCH = YES;
				COPY_PHASE_STRIP = NO;
				DEBUG_INFORMATION_FORMAT = "dwarf-with-dsym";
				ENABLE_NS_ASSERTIONS = NO;
				ENABLE_STRICT_OBJC_MSGSEND = YES;
				ENABLE_USER_SCRIPT_SANDBOXING = YES;
				GCC_C_LANGUAGE_STANDARD = gnu17;
				GCC_NO_COMMON_BLOCKS = YES;
				GCC_WARN_64_TO_32_BIT_CONVERSION = YES;
				GCC_WARN_ABOUT_RETURN_TYPE = YES_ERROR;
				GCC_WARN_UNDECLARED_SELECTOR = YES;
				GCC_WARN_UNINITIALIZED_AUTOS = YES_AGGRESSIVE;
				GCC_WARN_UNUSED_FUNCTION = YES;
				GCC_WARN_UNUSED_VARIABLE = YES;
				IPHONEOS_DEPLOYMENT_TARGET = 18.4;
				LOCALIZATION_PREFERS_STRING_CATALOGS = YES;
				MTL_ENABLE_DEBUG_INFO = NO;
				MTL_FAST_MATH = YES;
				SDKROOT = iphoneos;
				SWIFT_COMPILATION_MODE = wholemodule;
				VALIDATE_PRODUCT = YES;
			};
			name = Release;
		};
/* End XCBuildConfiguration section */

/* Begin XCConfigurationList section */
		04CBCF4E2DB9F6BD00A86402 /* Build configuration list for PBXProject "DemoTanDat" */ = {
			isa = XCConfigurationList;
			buildConfigurations = (
				04CBCF692DB9F6BE00A86402 /* Debug */,
				04CBCF6A2DB9F6BE00A86402 /* Release */,
			);
			defaultConfigurationIsVisible = 0;
			defaultConfigurationName = Release;
		};
		04CBCF662DB9F6BE00A86402 /* Build configuration list for PBXNativeTarget "DemoTanDat" */ = {
			isa = XCConfigurationList;
			buildConfigurations = (
				04CBCF672DB9F6BE00A86402 /* Debug */,
				04CBCF682DB9F6BE00A86402 /* Release */,
			);
			defaultConfigurationIsVisible = 0;
			defaultConfigurationName = Release;
		};
/* End XCConfigurationList section */
	};
	rootObject = 04CBCF4B2DB9F6BD00A86402 /* Project object */;
}
